
Microsoft Visual Studio Solution File, Format Version 11.00
# Visual Studio 2010
Project("{FAE04EC0-301F-11D3-BF4B-00C04F79EFBC}") = "Utage Test", "Assembly-CSharp-firstpass.csproj", "{91E5B3DF-85CD-F548-1E43-BC781280A215}"
EndProject
Project("{FAE04EC0-301F-11D3-BF4B-00C04F79EFBC}") = "Utage Test", "Assembly-CSharp.csproj", "{2CBCAC19-282B-67B6-CB5F-F0F48232C503}"
EndProject
Project("{FAE04EC0-301F-11D3-BF4B-00C04F79EFBC}") = "Utage Test", "Assembly-CSharp-Editor.csproj", "{A963D6FB-3F37-3D35-75CC-79A930D4DE41}"
EndProject
Global
	GlobalSection(SolutionConfigurationPlatforms) = preSolution
		Debug|Any CPU = Debug|Any CPU
		Release|Any CPU = Release|Any CPU
	EndGlobalSection
	GlobalSection(ProjectConfigurationPlatforms) = postSolution
		{91E5B3DF-85CD-F548-1E43-BC781280A215}.Debug|Any CPU.ActiveCfg = Debug|Any CPU
		{91E5B3DF-85CD-F548-1E43-BC781280A215}.Debug|Any CPU.Build.0 = Debug|Any CPU
		{91E5B3DF-85CD-F548-1E43-BC781280A215}.Release|Any CPU.ActiveCfg = Release|Any CPU
		{91E5B3DF-85CD-F548-1E43-BC781280A215}.Release|Any CPU.Build.0 = Release|Any CPU
		{2CBCAC19-282B-67B6-CB5F-F0F48232C503}.Debug|Any CPU.ActiveCfg = Debug|Any CPU
		{2CBCAC19-282B-67B6-CB5F-F0F48232C503}.Debug|Any CPU.Build.0 = Debug|Any CPU
		{2CBCAC19-282B-67B6-CB5F-F0F48232C503}.Release|Any CPU.ActiveCfg = Release|Any CPU
		{2CBCAC19-282B-67B6-CB5F-F0F48232C503}.Release|Any CPU.Build.0 = Release|Any CPU
		{A963D6FB-3F37-3D35-75CC-79A930D4DE41}.Debug|Any CPU.ActiveCfg = Debug|Any CPU
		{A963D6FB-3F37-3D35-75CC-79A930D4DE41}.Debug|Any CPU.Build.0 = Debug|Any CPU
		{A963D6FB-3F37-3D35-75CC-79A930D4DE41}.Release|Any CPU.ActiveCfg = Release|Any CPU
		{A963D6FB-3F37-3D35-75CC-79A930D4DE41}.Release|Any CPU.Build.0 = Release|Any CPU
	EndGlobalSection
	GlobalSection(SolutionProperties) = preSolution
		HideSolutionNode = FALSE
	EndGlobalSection
	GlobalSection(MonoDevelopProperties) = preSolution
		StartupItem = Assembly-CSharp.csproj
	EndGlobalSection
EndGlobal
